// !$*UTF8*$!
{
	archiveVersion = 1;
	classes = {
	};
	objectVersion = 56;
	objects = {

/* Begin PBXBuildFile section */
		EB88956128FDB6FA004D623A /* AppDelegate.swift in Sources */ = {isa = PBXBuildFile; fileRef = EB88956028FDB6FA004D623A /* AppDelegate.swift */; };
		EB88956328FDB6FA004D623A /* SceneDelegate.swift in Sources */ = {isa = PBXBuildFile; fileRef = EB88956228FDB6FA004D623A /* SceneDelegate.swift */; };
		EB88956828FDB6FA004D623A /* Main.storyboard in Resources */ = {isa = PBXBuildFile; fileRef = EB88956628FDB6FA004D623A /* Main.storyboard */; };
		EB88956A28FDB6FC004D623A /* Assets.xcassets in Resources */ = {isa = PBXBuildFile; fileRef = EB88956928FDB6FC004D623A /* Assets.xcassets */; };
		EB88957828FDBCC3004D623A /* Character.swift in Sources */ = {isa = PBXBuildFile; fileRef = EB88957728FDBCC3004D623A /* Character.swift */; };
		EB88957A28FDC1E9004D623A /* APIService.swift in Sources */ = {isa = PBXBuildFile; fileRef = EB88957928FDC1E9004D623A /* APIService.swift */; };
		EB88957C28FDC218004D623A /* ResultError.swift in Sources */ = {isa = PBXBuildFile; fileRef = EB88957B28FDC218004D623A /* ResultError.swift */; };
		EB88957E28FDCB18004D623A /* CharacterTableViewCell.swift in Sources */ = {isa = PBXBuildFile; fileRef = EB88957D28FDCB18004D623A /* CharacterTableViewCell.swift */; };
		EB88958028FDCB32004D623A /* CharacterListTableViewController.swift in Sources */ = {isa = PBXBuildFile; fileRef = EB88957F28FDCB32004D623A /* CharacterListTableViewController.swift */; };
		EBA558C528FDDB3700E632F7 /* CharacterListViewModel.swift in Sources */ = {isa = PBXBuildFile; fileRef = EBA558C428FDDB3700E632F7 /* CharacterListViewModel.swift */; };
		EBA5590128FF09A200E632F7 /* CharacterSearchService.swift in Sources */ = {isa = PBXBuildFile; fileRef = EBA5590028FF09A200E632F7 /* CharacterSearchService.swift */; };
		EBA5590328FF111B00E632F7 /* RMEndpoint.swift in Sources */ = {isa = PBXBuildFile; fileRef = EBA5590228FF111B00E632F7 /* RMEndpoint.swift */; };
		EBEA7B2829005A7100F6123F /* CharacterDetailViewController.swift in Sources */ = {isa = PBXBuildFile; fileRef = EBEA7B2729005A7100F6123F /* CharacterDetailViewController.swift */; };
/* End PBXBuildFile section */

/* Begin PBXFileReference section */
		EB88955D28FDB6FA004D623A /* RickAndMortyMVVM.app */ = {isa = PBXFileReference; explicitFileType = wrapper.application; includeInIndex = 0; path = RickAndMortyMVVM.app; sourceTree = BUILT_PRODUCTS_DIR; };
		EB88956028FDB6FA004D623A /* AppDelegate.swift */ = {isa = PBXFileReference; lastKnownFileType = sourcecode.swift; path = AppDelegate.swift; sourceTree = "<group>"; };
		EB88956228FDB6FA004D623A /* SceneDelegate.swift */ = {isa = PBXFileReference; lastKnownFileType = sourcecode.swift; path = SceneDelegate.swift; sourceTree = "<group>"; };
		EB88956728FDB6FA004D623A /* Base */ = {isa = PBXFileReference; lastKnownFileType = file.storyboard; name = Base; path = Base.lproj/Main.storyboard; sourceTree = "<group>"; };
		EB88956928FDB6FC004D623A /* Assets.xcassets */ = {isa = PBXFileReference; lastKnownFileType = folder.assetcatalog; path = Assets.xcassets; sourceTree = "<group>"; };
		EB88956E28FDB6FC004D623A /* Info.plist */ = {isa = PBXFileReference; lastKnownFileType = text.plist.xml; path = Info.plist; sourceTree = "<group>"; };
		EB88957728FDBCC3004D623A /* Character.swift */ = {isa = PBXFileReference; lastKnownFileType = sourcecode.swift; path = Character.swift; sourceTree = "<group>"; };
		EB88957928FDC1E9004D623A /* APIService.swift */ = {isa = PBXFileReference; lastKnownFileType = sourcecode.swift; path = APIService.swift; sourceTree = "<group>"; };
		EB88957B28FDC218004D623A /* ResultError.swift */ = {isa = PBXFileReference; lastKnownFileType = sourcecode.swift; path = ResultError.swift; sourceTree = "<group>"; };
		EB88957D28FDCB18004D623A /* CharacterTableViewCell.swift */ = {isa = PBXFileReference; lastKnownFileType = sourcecode.swift; path = CharacterTableViewCell.swift; sourceTree = "<group>"; };
		EB88957F28FDCB32004D623A /* CharacterListTableViewController.swift */ = {isa = PBXFileReference; lastKnownFileType = sourcecode.swift; path = CharacterListTableViewController.swift; sourceTree = "<group>"; };
		EBA558C428FDDB3700E632F7 /* CharacterListViewModel.swift */ = {isa = PBXFileReference; lastKnownFileType = sourcecode.swift; path = CharacterListViewModel.swift; sourceTree = "<group>"; };
		EBA5590028FF09A200E632F7 /* CharacterSearchService.swift */ = {isa = PBXFileReference; lastKnownFileType = sourcecode.swift; path = CharacterSearchService.swift; sourceTree = "<group>"; };
		EBA5590228FF111B00E632F7 /* RMEndpoint.swift */ = {isa = PBXFileReference; lastKnownFileType = sourcecode.swift; path = RMEndpoint.swift; sourceTree = "<group>"; };
		EBEA7B2729005A7100F6123F /* CharacterDetailViewController.swift */ = {isa = PBXFileReference; lastKnownFileType = sourcecode.swift; path = CharacterDetailViewController.swift; sourceTree = "<group>"; };
/* End PBXFileReference section */

/* Begin PBXFrameworksBuildPhase section */
		EB88955A28FDB6FA004D623A /* Frameworks */ = {
			isa = PBXFrameworksBuildPhase;
			buildActionMask = 2147483647;
			files = (
			);
			runOnlyForDeploymentPostprocessing = 0;
		};
/* End PBXFrameworksBuildPhase section */

/* Begin PBXGroup section */
		EB88955428FDB6F9004D623A = {
			isa = PBXGroup;
			children = (
				EB88955F28FDB6FA004D623A /* RickAndMortyMVVM */,
				EB88955E28FDB6FA004D623A /* Products */,
			);
			sourceTree = "<group>";
		};
		EB88955E28FDB6FA004D623A /* Products */ = {
			isa = PBXGroup;
			children = (
				EB88955D28FDB6FA004D623A /* RickAndMortyMVVM.app */,
			);
			name = Products;
			sourceTree = "<group>";
		};
		EB88955F28FDB6FA004D623A /* RickAndMortyMVVM */ = {
			isa = PBXGroup;
			children = (
				EB88957628FDB7CD004D623A /* Models */,
				EBA558C328FDDAC900E632F7 /* Character List */,
				EBA558C628FDE2A800E632F7 /* Networking */,
				EB88957428FDB795004D623A /* Storyboards */,
				EB88957528FDB7AA004D623A /* Resources */,
			);
			path = RickAndMortyMVVM;
			sourceTree = "<group>";
		};
		EB88957428FDB795004D623A /* Storyboards */ = {
			isa = PBXGroup;
			children = (
				EB88956628FDB6FA004D623A /* Main.storyboard */,
			);
			path = Storyboards;
			sourceTree = "<group>";
		};
		EB88957528FDB7AA004D623A /* Resources */ = {
			isa = PBXGroup;
			children = (
				EB88956028FDB6FA004D623A /* AppDelegate.swift */,
				EB88956228FDB6FA004D623A /* SceneDelegate.swift */,
				EB88956928FDB6FC004D623A /* Assets.xcassets */,
				EB88956E28FDB6FC004D623A /* Info.plist */,
			);
			path = Resources;
			sourceTree = "<group>";
		};
		EB88957628FDB7CD004D623A /* Models */ = {
			isa = PBXGroup;
			children = (
				EB88957728FDBCC3004D623A /* Character.swift */,
			);
			path = Models;
			sourceTree = "<group>";
		};
		EBA558C328FDDAC900E632F7 /* Character List */ = {
			isa = PBXGroup;
			children = (
				EB88957D28FDCB18004D623A /* CharacterTableViewCell.swift */,
				EB88957F28FDCB32004D623A /* CharacterListTableViewController.swift */,
				EBA558C428FDDB3700E632F7 /* CharacterListViewModel.swift */,
				EBEA7B2729005A7100F6123F /* CharacterDetailViewController.swift */,
			);
			path = "Character List";
			sourceTree = "<group>";
		};
		EBA558C628FDE2A800E632F7 /* Networking */ = {
			isa = PBXGroup;
			children = (
				EB88957928FDC1E9004D623A /* APIService.swift */,
				EB88957B28FDC218004D623A /* ResultError.swift */,
				EBA5590028FF09A200E632F7 /* CharacterSearchService.swift */,
				EBA5590228FF111B00E632F7 /* RMEndpoint.swift */,
			);
			path = Networking;
			sourceTree = "<group>";
		};
/* End PBXGroup section */

/* Begin PBXNativeTarget section */
		EB88955C28FDB6FA004D623A /* RickAndMortyMVVM */ = {
			isa = PBXNativeTarget;
			buildConfigurationList = EB88957128FDB6FC004D623A /* Build configuration list for PBXNativeTarget "RickAndMortyMVVM" */;
			buildPhases = (
				EB88955928FDB6FA004D623A /* Sources */,
				EB88955A28FDB6FA004D623A /* Frameworks */,
				EB88955B28FDB6FA004D623A /* Resources */,
			);
			buildRules = (
			);
			dependencies = (
			);
			name = RickAndMortyMVVM;
			productName = RickAndMortyMVVM;
			productReference = EB88955D28FDB6FA004D623A /* RickAndMortyMVVM.app */;
			productType = "com.apple.product-type.application";
		};
/* End PBXNativeTarget section */

/* Begin PBXProject section */
		EB88955528FDB6F9004D623A /* Project object */ = {
			isa = PBXProject;
			attributes = {
				BuildIndependentTargetsInParallel = 1;
				LastSwiftUpdateCheck = 1400;
				LastUpgradeCheck = 1400;
				TargetAttributes = {
					EB88955C28FDB6FA004D623A = {
						CreatedOnToolsVersion = 14.0.1;
					};
				};
			};
			buildConfigurationList = EB88955828FDB6FA004D623A /* Build configuration list for PBXProject "RickAndMortyMVVM" */;
			compatibilityVersion = "Xcode 14.0";
			developmentRegion = en;
			hasScannedForEncodings = 0;
			knownRegions = (
				en,
				Base,
			);
			mainGroup = EB88955428FDB6F9004D623A;
			productRefGroup = EB88955E28FDB6FA004D623A /* Products */;
			projectDirPath = "";
			projectRoot = "";
			targets = (
				EB88955C28FDB6FA004D623A /* RickAndMortyMVVM */,
			);
		};
/* End PBXProject section */

/* Begin PBXResourcesBuildPhase section */
		EB88955B28FDB6FA004D623A /* Resources */ = {
			isa = PBXResourcesBuildPhase;
			buildActionMask = 2147483647;
			files = (
				EB88956A28FDB6FC004D623A /* Assets.xcassets in Resources */,
				EB88956828FDB6FA004D623A /* Main.storyboard in Resources */,
			);
			runOnlyForDeploymentPostprocessing = 0;
		};
/* End PBXResourcesBuildPhase section */

/* Begin PBXSourcesBuildPhase section */
		EB88955928FDB6FA004D623A /* Sources */ = {
			isa = PBXSourcesBuildPhase;
			buildActionMask = 2147483647;
			files = (
				EBEA7B2829005A7100F6123F /* CharacterDetailViewController.swift in Sources */,
				EB88957828FDBCC3004D623A /* Character.swift in Sources */,
				EB88957C28FDC218004D623A /* ResultError.swift in Sources */,
				EB88956128FDB6FA004D623A /* AppDelegate.swift in Sources */,
				EB88958028FDCB32004D623A /* CharacterListTableViewController.swift in Sources */,
				EBA558C528FDDB3700E632F7 /* CharacterListViewModel.swift in Sources */,
				EB88957A28FDC1E9004D623A /* APIService.swift in Sources */,
				EB88956328FDB6FA004D623A /* SceneDelegate.swift in Sources */,
				EBA5590328FF111B00E632F7 /* RMEndpoint.swift in Sources */,
				EBA5590128FF09A200E632F7 /* CharacterSearchService.swift in Sources */,
				EB88957E28FDCB18004D623A /* CharacterTableViewCell.swift in Sources */,
			);
			runOnlyForDeploymentPostprocessing = 0;
		};
/* End PBXSourcesBuildPhase section */

/* Begin PBXVariantGroup section */
		EB88956628FDB6FA004D623A /* Main.storyboard */ = {
			isa = PBXVariantGroup;
			children = (
				EB88956728FDB6FA004D623A /* Base */,
			);
			name = Main.storyboard;
			sourceTree = "<group>";
		};
/* End PBXVariantGroup section */

/* Begin XCBuildConfiguration section */
		EB88956F28FDB6FC004D623A /* Debug */ = {
			isa = XCBuildConfiguration;
			buildSettings = {
				ALWAYS_SEARCH_USER_PATHS = NO;
				CLANG_ANALYZER_NONNULL = YES;
				CLANG_ANALYZER_NUMBER_OBJECT_CONVERSION = YES_AGGRESSIVE;
				CLANG_CXX_LANGUAGE_STANDARD = "gnu++20";
				CLANG_ENABLE_MODULES = YES;
				CLANG_ENABLE_OBJC_ARC = YES;
				CLANG_ENABLE_OBJC_WEAK = YES;
				CLANG_WARN_BLOCK_CAPTURE_AUTORELEASING = YES;
				CLANG_WARN_BOOL_CONVERSION = YES;
				CLANG_WARN_COMMA = YES;
				CLANG_WARN_CONSTANT_CONVERSION = YES;
				CLANG_WARN_DEPRECATED_OBJC_IMPLEMENTATIONS = YES;
				CLANG_WARN_DIRECT_OBJC_ISA_USAGE = YES_ERROR;
				CLANG_WARN_DOCUMENTATION_COMMENTS = YES;
				CLANG_WARN_EMPTY_BODY = YES;
				CLANG_WARN_ENUM_CONVERSION = YES;
				CLANG_WARN_INFINITE_RECURSION = YES;
				CLANG_WARN_INT_CONVERSION = YES;
				CLANG_WARN_NON_LITERAL_NULL_CONVERSION = YES;
				CLANG_WARN_OBJC_IMPLICIT_RETAIN_SELF = YES;
				CLANG_WARN_OBJC_LITERAL_CONVERSION = YES;
				CLANG_WARN_OBJC_ROOT_CLASS = YES_ERROR;
				CLANG_WARN_QUOTED_INCLUDE_IN_FRAMEWORK_HEADER = YES;
				CLANG_WARN_RANGE_LOOP_ANALYSIS = YES;
				CLANG_WARN_STRICT_PROTOTYPES = YES;
				CLANG_WARN_SUSPICIOUS_MOVE = YES;
				CLANG_WARN_UNGUARDED_AVAILABILITY = YES_AGGRESSIVE;
				CLANG_WARN_UNREACHABLE_CODE = YES;
				CLANG_WARN__DUPLICATE_METHOD_MATCH = YES;
				COPY_PHASE_STRIP = NO;
				DEBUG_INFORMATION_FORMAT = dwarf;
				ENABLE_STRICT_OBJC_MSGSEND = YES;
				ENABLE_TESTABILITY = YES;
				GCC_C_LANGUAGE_STANDARD = gnu11;
				GCC_DYNAMIC_NO_PIC = NO;
				GCC_NO_COMMON_BLOCKS = YES;
				GCC_OPTIMIZATION_LEVEL = 0;
				GCC_PREPROCESSOR_DEFINITIONS = (
					"DEBUG=1",
					"$(inherited)",
				);
				GCC_WARN_64_TO_32_BIT_CONVERSION = YES;
				GCC_WARN_ABOUT_RETURN_TYPE = YES_ERROR;
				GCC_WARN_UNDECLARED_SELECTOR = YES;
				GCC_WARN_UNINITIALIZED_AUTOS = YES_AGGRESSIVE;
				GCC_WARN_UNUSED_FUNCTION = YES;
				GCC_WARN_UNUSED_VARIABLE = YES;
				IPHONEOS_DEPLOYMENT_TARGET = 16.0;
				MTL_ENABLE_DEBUG_INFO = INCLUDE_SOURCE;
				MTL_FAST_MATH = YES;
				ONLY_ACTIVE_ARCH = YES;
				SDKROOT = iphoneos;
				SWIFT_ACTIVE_COMPILATION_CONDITIONS = DEBUG;
				SWIFT_OPTIMIZATION_LEVEL = "-Onone";
			};
			name = Debug;
		};
		EB88957028FDB6FC004D623A /* Release */ = {
			isa = XCBuildConfiguration;
			buildSettings = {
				ALWAYS_SEARCH_USER_PATHS = NO;
				CLANG_ANALYZER_NONNULL = YES;
				CLANG_ANALYZER_NUMBER_OBJECT_CONVERSION = YES_AGGRESSIVE;
				CLANG_CXX_LANGUAGE_STANDARD = "gnu++20";
				CLANG_ENABLE_MODULES = YES;
				CLANG_ENABLE_OBJC_ARC = YES;
				CLANG_ENABLE_OBJC_WEAK = YES;
				CLANG_WARN_BLOCK_CAPTURE_AUTORELEASING = YES;
				CLANG_WARN_BOOL_CONVERSION = YES;
				CLANG_WARN_COMMA = YES;
				CLANG_WARN_CONSTANT_CONVERSION = YES;
				CLANG_WARN_DEPRECATED_OBJC_IMPLEMENTATIONS = YES;
				CLANG_WARN_DIRECT_OBJC_ISA_USAGE = YES_ERROR;
				CLANG_WARN_DOCUMENTATION_COMMENTS = YES;
				CLANG_WARN_EMPTY_BODY = YES;
				CLANG_WARN_ENUM_CONVERSION = YES;
				CLANG_WARN_INFINITE_RECURSION = YES;
				CLANG_WARN_INT_CONVERSION = YES;
				CLANG_WARN_NON_LITERAL_NULL_CONVERSION = YES;
				CLANG_WARN_OBJC_IMPLICIT_RETAIN_SELF = YES;
				CLANG_WARN_OBJC_LITERAL_CONVERSION = YES;
				CLANG_WARN_OBJC_ROOT_CLASS = YES_ERROR;
				CLANG_WARN_QUOTED_INCLUDE_IN_FRAMEWORK_HEADER = YES;
				CLANG_WARN_RANGE_LOOP_ANALYSIS = YES;
				CLANG_WARN_STRICT_PROTOTYPES = YES;
				CLANG_WARN_SUSPICIOUS_MOVE = YES;
				CLANG_WARN_UNGUARDED_AVAILABILITY = YES_AGGRESSIVE;
				CLANG_WARN_UNREACHABLE_CODE = YES;
				CLANG_WARN__DUPLICATE_METHOD_MATCH = YES;
				COPY_PHASE_STRIP = NO;
				DEBUG_INFORMATION_FORMAT = "dwarf-with-dsym";
				ENABLE_NS_ASSERTIONS = NO;
				ENABLE_STRICT_OBJC_MSGSEND = YES;
				GCC_C_LANGUAGE_STANDARD = gnu11;
				GCC_NO_COMMON_BLOCKS = YES;
				GCC_WARN_64_TO_32_BIT_CONVERSION = YES;
				GCC_WARN_ABOUT_RETURN_TYPE = YES_ERROR;
				GCC_WARN_UNDECLARED_SELECTOR = YES;
				GCC_WARN_UNINITIALIZED_AUTOS = YES_AGGRESSIVE;
				GCC_WARN_UNUSED_FUNCTION = YES;
				GCC_WARN_UNUSED_VARIABLE = YES;
				IPHONEOS_DEPLOYMENT_TARGET = 16.0;
				MTL_ENABLE_DEBUG_INFO = NO;
				MTL_FAST_MATH = YES;
				SDKROOT = iphoneos;
				SWIFT_COMPILATION_MODE = wholemodule;
				SWIFT_OPTIMIZATION_LEVEL = "-O";
				VALIDATE_PRODUCT = YES;
			};
			name = Release;
		};
		EB88957228FDB6FC004D623A /* Debug */ = {
			isa = XCBuildConfiguration;
			buildSettings = {
				ASSETCATALOG_COMPILER_APPICON_NAME = AppIcon;
				ASSETCATALOG_COMPILER_GLOBAL_ACCENT_COLOR_NAME = AccentColor;
				CODE_SIGN_STYLE = Automatic;
				CURRENT_PROJECT_VERSION = 1;
				GENERATE_INFOPLIST_FILE = YES;
				INFOPLIST_FILE = RickAndMortyMVVM/Resources/Info.plist;
				INFOPLIST_KEY_UIApplicationSupportsIndirectInputEvents = YES;
				INFOPLIST_KEY_UILaunchStoryboardName = LaunchScreen;
				INFOPLIST_KEY_UIMainStoryboardFile = Main;
				INFOPLIST_KEY_UISupportedInterfaceOrientations_iPad = "UIInterfaceOrientationPortrait UIInterfaceOrientationPortraitUpsideDown UIInterfaceOrientationLandscapeLeft UIInterfaceOrientationLandscapeRight";
				INFOPLIST_KEY_UISupportedInterfaceOrientations_iPhone = "UIInterfaceOrientationPortrait UIInterfaceOrientationLandscapeLeft UIInterfaceOrientationLandscapeRight";
				LD_RUNPATH_SEARCH_PATHS = (
					"$(inherited)",
					"@executable_path/Frameworks",
				);
				MARKETING_VERSION = 1.0;
				PRODUCT_BUNDLE_IDENTIFIER = com.hallsArchitecture.RickAndMortyMVVM;
				PRODUCT_NAME = "$(TARGET_NAME)";
				SWIFT_EMIT_LOC_STRINGS = YES;
				SWIFT_VERSION = 5.0;
				TARGETED_DEVICE_FAMILY = "1,2";
			};
			name = Debug;
		};
		EB88957328FDB6FC004D623A /* Release */ = {
			isa = XCBuildConfiguration;
			buildSettings = {
				ASSETCATALOG_COMPILER_APPICON_NAME = AppIcon;
				ASSETCATALOG_COMPILER_GLOBAL_ACCENT_COLOR_NAME = AccentColor;
				CODE_SIGN_STYLE = Automatic;
				CURRENT_PROJECT_VERSION = 1;
				GENERATE_INFOPLIST_FILE = YES;
				INFOPLIST_FILE = RickAndMortyMVVM/Resources/Info.plist;
				INFOPLIST_KEY_UIApplicationSupportsIndirectInputEvents = YES;
				INFOPLIST_KEY_UILaunchStoryboardName = LaunchScreen;
				INFOPLIST_KEY_UIMainStoryboardFile = Main;
				INFOPLIST_KEY_UISupportedInterfaceOrientations_iPad = "UIInterfaceOrientationPortrait UIInterfaceOrientationPortraitUpsideDown UIInterfaceOrientationLandscapeLeft UIInterfaceOrientationLandscapeRight";
				INFOPLIST_KEY_UISupportedInterfaceOrientations_iPhone = "UIInterfaceOrientationPortrait UIInterfaceOrientationLandscapeLeft UIInterfaceOrientationLandscapeRight";
				LD_RUNPATH_SEARCH_PATHS = (
					"$(inherited)",
					"@executable_path/Frameworks",
				);
				MARKETING_VERSION = 1.0;
				PRODUCT_BUNDLE_IDENTIFIER = com.hallsArchitecture.RickAndMortyMVVM;
				PRODUCT_NAME = "$(TARGET_NAME)";
				SWIFT_EMIT_LOC_STRINGS = YES;
				SWIFT_VERSION = 5.0;
				TARGETED_DEVICE_FAMILY = "1,2";
			};
			name = Release;
		};
/* End XCBuildConfiguration section */

/* Begin XCConfigurationList section */
		EB88955828FDB6FA004D623A /* Build configuration list for PBXProject "RickAndMortyMVVM" */ = {
			isa = XCConfigurationList;
			buildConfigurations = (
				EB88956F28FDB6FC004D623A /* Debug */,
				EB88957028FDB6FC004D623A /* Release */,
			);
			defaultConfigurationIsVisible = 0;
			defaultConfigurationName = Release;
		};
		EB88957128FDB6FC004D623A /* Build configuration list for PBXNativeTarget "RickAndMortyMVVM" */ = {
			isa = XCConfigurationList;
			buildConfigurations = (
				EB88957228FDB6FC004D623A /* Debug */,
				EB88957328FDB6FC004D623A /* Release */,
			);
			defaultConfigurationIsVisible = 0;
			defaultConfigurationName = Release;
		};
/* End XCConfigurationList section */
	};
	rootObject = EB88955528FDB6F9004D623A /* Project object */;
}
